{
  "requires": true,
  "lockfileVersion": 1,
  "dependencies": {
    "@babel/runtime": {
      "version": "7.16.3",
      "resolved": "https://registry.npmmirror.com/@babel/runtime/download/@babel/runtime-7.16.3.tgz?cache=0&sync_timestamp=1636494819594&other_urls=https%3A%2F%2Fregistry.npmmirror.com%2F%40babel%2Fruntime%2Fdownload%2F%40babel%2Fruntime-7.16.3.tgz",
      "integrity": "sha512-WBwekcqacdY2e9AF/Q7WLFUWmdJGJTkbjqTjoMDgXkVZ3ZRUvOPsLb5KdwISoQVsbP+DQzVZW4Zhci0DvpbNTQ==",
      "requires": {
        "regenerator-runtime": "^0.13.4"
      }
    },
    "history": {
      "version": "5.1.0",
      "resolved": "https://registry.npmmirror.com/history/download/history-5.1.0.tgz",
      "integrity": "sha1-LpPAnAZBlNONUu1ir9CvydmwHs4=",
      "requires": {
        "@babel/runtime": "^7.7.6"
      }
    },
    "react-router": {
      "version": "6.0.2",
      "resolved": "https://registry.npmmirror.com/react-router/download/react-router-6.0.2.tgz",
      "integrity": "sha512-8/Wm3Ed8t7TuedXjAvV39+c8j0vwrI5qVsYqjFr5WkJjsJpEvNSoLRUbtqSEYzqaTUj1IV+sbPJxvO+accvU0Q==",
      "requires": {
        "history": "^5.1.0"
      }
    },
    "react-router-dom": {
      "version": "6.0.2",
      "resolved": "https://registry.npmmirror.com/react-router-dom/download/react-router-dom-6.0.2.tgz?cache=0&sync_timestamp=1636500332816&other_urls=https%3A%2F%2Fregistry.npmmirror.com%2Freact-router-dom%2Fdownload%2Freact-router-dom-6.0.2.tgz",
      "integrity": "sha512-cOpJ4B6raFutr0EG8O/M2fEoyQmwvZWomf1c6W2YXBZuFBx8oTk/zqjXghwScyhfrtnt0lANXV2182NQblRxFA==",
      "requires": {
        "history": "^5.1.0",
        "react-router": "6.0.2"
      }
    },
    "regenerator-runtime": {
      "version": "0.13.9",
      "resolved": "https://registry.nlark.com/regenerator-runtime/download/regenerator-runtime-0.13.9.tgz?cache=0&sync_timestamp=1626993001371&other_urls=https%3A%2F%2Fregistry.nlark.com%2Fregenerator-runtime%2Fdownload%2Fregenerator-runtime-0.13.9.tgz",
      "integrity": "sha1-iSV0Kpj/2QgUmI11Zq0wyjsmO1I="
    }
  }
}
